
Microsoft Visual Studio Solution File, Format Version 12.00
# Visual Studio 15
VisualStudioVersion = 15.0.27703.2042
MinimumVisualStudioVersion = 10.0.40219.1
Project("{9A19103F-16F7-4668-BE54-9A1E7A4F7556}") = "Alphicsh.Text", "Alphicsh.Text\Alphicsh.Text.csproj", "{464A152B-4883-42DB-B9BC-4BBF9A14DA2F}"
EndProject
Project("{FAE04EC0-301F-11D3-BF4B-00C04F79EFBC}") = "Alphicsh.Text.Tests", "Alphicsh.Text.Tests\Alphicsh.Text.Tests.csproj", "{45CA5CFC-1426-43E3-B34D-385E7BB8A076}"
EndProject
Global
	GlobalSection(SolutionConfigurationPlatforms) = preSolution
		Debug|Any CPU = Debug|Any CPU
		Release|Any CPU = Release|Any CPU
	EndGlobalSection
	GlobalSection(ProjectConfigurationPlatforms) = postSolution
		{464A152B-4883-42DB-B9BC-4BBF9A14DA2F}.Debug|Any CPU.ActiveCfg = Debug|Any CPU
		{464A152B-4883-42DB-B9BC-4BBF9A14DA2F}.Debug|Any CPU.Build.0 = Debug|Any CPU
		{464A152B-4883-42DB-B9BC-4BBF9A14DA2F}.Release|Any CPU.ActiveCfg = Release|Any CPU
		{464A152B-4883-42DB-B9BC-4BBF9A14DA2F}.Release|Any CPU.Build.0 = Release|Any CPU
		{45CA5CFC-1426-43E3-B34D-385E7BB8A076}.Debug|Any CPU.ActiveCfg = Debug|Any CPU
		{45CA5CFC-1426-43E3-B34D-385E7BB8A076}.Debug|Any CPU.Build.0 = Debug|Any CPU
		{45CA5CFC-1426-43E3-B34D-385E7BB8A076}.Release|Any CPU.ActiveCfg = Release|Any CPU
		{45CA5CFC-1426-43E3-B34D-385E7BB8A076}.Release|Any CPU.Build.0 = Release|Any CPU
	EndGlobalSection
	GlobalSection(SolutionProperties) = preSolution
		HideSolutionNode = FALSE
	EndGlobalSection
	GlobalSection(ExtensibilityGlobals) = postSolution
		SolutionGuid = {7140E37B-7FF3-428B-9EC8-28D6136F5AF4}
	EndGlobalSection
EndGlobal
